
Microsoft Visual Studio Solution File, Format Version 12.00
# Visual Studio Version 16
VisualStudioVersion = 16.0.32002.261
MinimumVisualStudioVersion = 10.0.40219.1
Project("{FAE04EC0-301F-11D3-BF4B-00C04F79EFBC}") = "Amazon_", "Amazon_\Amazon_.csproj", "{7A0953DA-0FFB-4877-813C-897F7E913921}"
EndProject
Global
	GlobalSection(SolutionConfigurationPlatforms) = preSolution
		Debug|Any CPU = Debug|Any CPU
		Release|Any CPU = Release|Any CPU
	EndGlobalSection
	GlobalSection(ProjectConfigurationPlatforms) = postSolution
		{7A0953DA-0FFB-4877-813C-897F7E913921}.Debug|Any CPU.ActiveCfg = Debug|Any CPU
		{7A0953DA-0FFB-4877-813C-897F7E913921}.Debug|Any CPU.Build.0 = Debug|Any CPU
		{7A0953DA-0FFB-4877-813C-897F7E913921}.Release|Any CPU.ActiveCfg = Release|Any CPU
		{7A0953DA-0FFB-4877-813C-897F7E913921}.Release|Any CPU.Build.0 = Release|Any CPU
	EndGlobalSection
	GlobalSection(SolutionProperties) = preSolution
		HideSolutionNode = FALSE
	EndGlobalSection
	GlobalSection(ExtensibilityGlobals) = postSolution
		SolutionGuid = {D4C7E102-25E1-4DB1-B824-6C00C748AC16}
	EndGlobalSection
EndGlobal
